{
  "name": "sylphx-skills",
  "version": "1.3.0",
  "lockfileVersion": 3,
  "requires": true,
  "packages": {
    "": {
      "name": "sylphx-skills",
      "version": "1.3.0",
      "license": "MIT",
      "bin": {
        "sylphx-skills": "runtime/sylphx-skills.mjs"
      },
      "engines": {
        "node": ">=20"
      }
    }
  }
}
